<?xml version="1.0" encoding="utf-8"?>
<Project ToolsVersion="4.0" xmlns="http://schemas.microsoft.com/developer/msbuild/2003">
  <ItemGroup>
    <Filter Include="Source Files">
      <UniqueIdentifier>{4FC737F1-C7A5-4376-A066-2A32D752A2FF}</UniqueIdentifier>
      <Extensions>cpp;c;cc;cxx;c++;cppm;ixx;def;odl;idl;hpj;bat;asm;asmx</Extensions>
    </Filter>
    <Filter Include="Header Files">
      <UniqueIdentifier>{93995380-89BD-4b04-88EB-625FBE52EBFB}</UniqueIdentifier>
      <Extensions>h;hh;hpp;hxx;h++;hm;inl;inc;ipp;xsd</Extensions>
    </Filter>
    <Filter Include="Resource Files">
      <UniqueIdentifier>{67DA6AB6-F800-4c08-8B7A-83BB121AAD01}</UniqueIdentifier>
      <Extensions>rc;ico;cur;bmp;dlg;rc2;rct;bin;rgs;gif;jpg;jpeg;jpe;resx;tiff;tif;png;wav;mfcribbon-ms</Extensions>
    </Filter>
    <Filter Include="Header Files\App">
      <UniqueIdentifier>{7c1c08ef-8d7c-48e5-b96a-b9d9d163b462}</UniqueIdentifier>
    </Filter>
    <Filter Include="Header Files\headers">
      <UniqueIdentifier>{8db3ebcf-4266-4ecc-aebe-fa97c515d83c}</UniqueIdentifier>
    </Filter>
    <Filter Include="Source Files\sources">
      <UniqueIdentifier>{5c22dd92-d67e-4d84-8dfe-431f3027d396}</UniqueIdentifier>
    </Filter>
    <Filter Include="Source Files\App">
      <UniqueIdentifier>{246ead87-ed27-4651-a151-8ba7ac25a149}</UniqueIdentifier>
    </Filter>
    <Filter Include="Header Files\tests">
      <UniqueIdentifier>{7686a7e3-8057-4732-81c9-e0e4b314e05d}</UniqueIdentifier>
    </Filter>
    <Filter Include="Source Files\tests">
      <UniqueIdentifier>{0c3a070e-3ae3-4eb1-a8b2-9446e591a21c}</UniqueIdentifier>
    </Filter>
  </ItemGroup>
  <ItemGroup>
    <ClCompile Include="main.cpp">
      <Filter>Source Files</Filter>
    </ClCompile>
    <ClCompile Include="RobotOperator.cpp">
      <Filter>Source Files\sources</Filter>
    </ClCompile>
    <ClCompile Include="Encryption.cpp">
      <Filter>Source Files\sources</Filter>
    </ClCompile>
    <ClCompile Include="Authentication.cpp">
      <Filter>Source Files\App</Filter>
    </ClCompile>
    <ClCompile Include="Pose.cpp">
      <Filter>Source Files\sources</Filter>
    </ClCompile>
    <ClCompile Include="RobotControler.cpp">
      <Filter>Source Files\sources</Filter>
    </ClCompile>
    <ClCompile Include="Robot.cpp">
      <Filter>Source Files\App</Filter>
    </ClCompile>
    <ClCompile Include="MotionMenu.cpp">
      <Filter>Source Files\App</Filter>
    </ClCompile>
    <ClCompile Include="ConnectionMenu.cpp">
      <Filter>Source Files\App</Filter>
    </ClCompile>
    <ClCompile Include="IRSensor.cpp">
      <Filter>Source Files\sources</Filter>
    </ClCompile>
    <ClCompile Include="LidarSensor.cpp">
      <Filter>Source Files\sources</Filter>
    </ClCompile>
    <ClCompile Include="App.cpp">
      <Filter>Source Files\App</Filter>
    </ClCompile>
    <ClCompile Include="SensorMenu.cpp">
      <Filter>Source Files\App</Filter>
    </ClCompile>
    <ClCompile Include="MAP.cpp">
      <Filter>Source Files\sources</Filter>
    </ClCompile>
    <ClCompile Include="Mapper.cpp">
      <Filter>Source Files\sources</Filter>
    </ClCompile>
    <ClCompile Include="Point.cpp">
      <Filter>Source Files\sources</Filter>
    </ClCompile>
    <ClCompile Include="Record.cpp">
      <Filter>Source Files\sources</Filter>
    </ClCompile>
    <ClCompile Include="SafeNavigation.cpp">
      <Filter>Source Files\sources</Filter>
    </ClCompile>
    <ClCompile Include="TestEncryption.cpp">
      <Filter>Source Files\tests</Filter>
    </ClCompile>
    <ClCompile Include="TestIRSensor.cpp">
      <Filter>Source Files\tests</Filter>
    </ClCompile>
    <ClCompile Include="TestLidarSensor.cpp">
      <Filter>Source Files\tests</Filter>
    </ClCompile>
    <ClCompile Include="TestMap.cpp">
      <Filter>Source Files\tests</Filter>
    </ClCompile>
    <ClCompile Include="TestMapper.cpp">
      <Filter>Source Files\tests</Filter>
    </ClCompile>
    <ClCompile Include="TestPoint.cpp">
      <Filter>Source Files\tests</Filter>
    </ClCompile>
    <ClCompile Include="TestPose.cpp">
      <Filter>Source Files\tests</Filter>
    </ClCompile>
    <ClCompile Include="TestRecord.cpp">
      <Filter>Source Files\tests</Filter>
    </ClCompile>
    <ClCompile Include="TestRobotControler.cpp">
      <Filter>Source Files\tests</Filter>
    </ClCompile>
    <ClCompile Include="TestSafeNavigation.cpp">
      <Filter>Source Files\tests</Filter>
    </ClCompile>
  </ItemGroup>
  <ItemGroup>
    <ClInclude Include="App.h">
      <Filter>Header Files\App</Filter>
    </ClInclude>
    <ClInclude Include="Authentication.h">
      <Filter>Header Files\App</Filter>
    </ClInclude>
    <ClInclude Include="ConnectionMenu.h">
      <Filter>Header Files\App</Filter>
    </ClInclude>
    <ClInclude Include="Menus.h">
      <Filter>Header Files\App</Filter>
    </ClInclude>
    <ClInclude Include="Robot.h">
      <Filter>Header Files\App</Filter>
    </ClInclude>
    <ClInclude Include="SensorMenu.h">
      <Filter>Header Files\App</Filter>
    </ClInclude>
    <ClInclude Include="Encryption.h">
      <Filter>Header Files\headers</Filter>
    </ClInclude>
    <ClInclude Include="RobotOperator.h">
      <Filter>Header Files\headers</Filter>
    </ClInclude>
    <ClInclude Include="RobotControler.h">
      <Filter>Header Files\headers</Filter>
    </ClInclude>
    <ClInclude Include="Pose.h">
      <Filter>Header Files\headers</Filter>
    </ClInclude>
    <ClInclude Include="IRSensor.h">
      <Filter>Header Files\headers</Filter>
    </ClInclude>
    <ClInclude Include="LidarSensor.h">
      <Filter>Header Files\headers</Filter>
    </ClInclude>
    <ClInclude Include="MotionMenu.h">
      <Filter>Header Files\App</Filter>
    </ClInclude>
    <ClInclude Include="SensorInterface.h">
      <Filter>Header Files\App</Filter>
    </ClInclude>
    <ClInclude Include="MAP.h">
      <Filter>Header Files\headers</Filter>
    </ClInclude>
    <ClInclude Include="Mapper.h">
      <Filter>Header Files\headers</Filter>
    </ClInclude>
    <ClInclude Include="Point.h">
      <Filter>Header Files\headers</Filter>
    </ClInclude>
    <ClInclude Include="Record.h">
      <Filter>Header Files\headers</Filter>
    </ClInclude>
    <ClInclude Include="SafeNavigation.h">
      <Filter>Header Files\headers</Filter>
    </ClInclude>
    <ClInclude Include="TestEncryption.h">
      <Filter>Header Files\tests</Filter>
    </ClInclude>
    <ClInclude Include="TestIRSensor.h">
      <Filter>Header Files\tests</Filter>
    </ClInclude>
    <ClInclude Include="TestLidarSensor.h">
      <Filter>Header Files\tests</Filter>
    </ClInclude>
    <ClInclude Include="TestMap.h">
      <Filter>Header Files\tests</Filter>
    </ClInclude>
    <ClInclude Include="TestMapper.h">
      <Filter>Header Files\tests</Filter>
    </ClInclude>
    <ClInclude Include="TestPoint.h">
      <Filter>Header Files\tests</Filter>
    </ClInclude>
    <ClInclude Include="TestPose.h">
      <Filter>Header Files\tests</Filter>
    </ClInclude>
    <ClInclude Include="TestRecord.h">
      <Filter>Header Files\tests</Filter>
    </ClInclude>
    <ClInclude Include="TestRobotControler.h">
      <Filter>Header Files\tests</Filter>
    </ClInclude>
    <ClInclude Include="TestSafeNavigation.h">
      <Filter>Header Files\tests</Filter>
    </ClInclude>
  </ItemGroup>
</Project>